
Microsoft Visual Studio Solution File, Format Version 11.00
# Visual Studio 2010
Project("{FAE04EC0-301F-11D3-BF4B-00C04F79EFBC}") = "Wave_VR", "Assembly-CSharp-firstpass.csproj", "{94A15ED3-50A6-3D80-3790-8170A1A6837F}"
EndProject
Project("{FAE04EC0-301F-11D3-BF4B-00C04F79EFBC}") = "Wave_VR", "Assembly-CSharp.csproj", "{824E3FA6-CCAC-81CA-BD55-45F0E3280197}"
EndProject
Project("{FAE04EC0-301F-11D3-BF4B-00C04F79EFBC}") = "Wave_VR", "Assembly-CSharp-Editor.csproj", "{86AD21A3-C750-5FE0-C9E3-7DF9894BEC97}"
EndProject
Global
	GlobalSection(SolutionConfigurationPlatforms) = preSolution
		Debug|Any CPU = Debug|Any CPU
		Release|Any CPU = Release|Any CPU
	EndGlobalSection
	GlobalSection(ProjectConfigurationPlatforms) = postSolution
		{94A15ED3-50A6-3D80-3790-8170A1A6837F}.Debug|Any CPU.ActiveCfg = Debug|Any CPU
		{94A15ED3-50A6-3D80-3790-8170A1A6837F}.Debug|Any CPU.Build.0 = Debug|Any CPU
		{94A15ED3-50A6-3D80-3790-8170A1A6837F}.Release|Any CPU.ActiveCfg = Release|Any CPU
		{94A15ED3-50A6-3D80-3790-8170A1A6837F}.Release|Any CPU.Build.0 = Release|Any CPU
		{824E3FA6-CCAC-81CA-BD55-45F0E3280197}.Debug|Any CPU.ActiveCfg = Debug|Any CPU
		{824E3FA6-CCAC-81CA-BD55-45F0E3280197}.Debug|Any CPU.Build.0 = Debug|Any CPU
		{824E3FA6-CCAC-81CA-BD55-45F0E3280197}.Release|Any CPU.ActiveCfg = Release|Any CPU
		{824E3FA6-CCAC-81CA-BD55-45F0E3280197}.Release|Any CPU.Build.0 = Release|Any CPU
		{86AD21A3-C750-5FE0-C9E3-7DF9894BEC97}.Debug|Any CPU.ActiveCfg = Debug|Any CPU
		{86AD21A3-C750-5FE0-C9E3-7DF9894BEC97}.Debug|Any CPU.Build.0 = Debug|Any CPU
		{86AD21A3-C750-5FE0-C9E3-7DF9894BEC97}.Release|Any CPU.ActiveCfg = Release|Any CPU
		{86AD21A3-C750-5FE0-C9E3-7DF9894BEC97}.Release|Any CPU.Build.0 = Release|Any CPU
	EndGlobalSection
	GlobalSection(SolutionProperties) = preSolution
		HideSolutionNode = FALSE
	EndGlobalSection
	GlobalSection(MonoDevelopProperties) = preSolution
		StartupItem = Assembly-CSharp.csproj
	EndGlobalSection
EndGlobal
